
Microsoft Visual Studio Solution File, Format Version 12.00
# Visual Studio Version 16
VisualStudioVersion = 16.0.30804.86
MinimumVisualStudioVersion = 10.0.40219.1
Project("{FAE04EC0-301F-11D3-BF4B-00C04F79EFBC}") = "Demo_Parchis", "Demo_Parchis\Demo_Parchis.csproj", "{9D313B87-F63C-4FD0-9F9D-2CB131F8992C}"
EndProject
Global
	GlobalSection(SolutionConfigurationPlatforms) = preSolution
		Debug|Any CPU = Debug|Any CPU
		Release|Any CPU = Release|Any CPU
	EndGlobalSection
	GlobalSection(ProjectConfigurationPlatforms) = postSolution
		{9D313B87-F63C-4FD0-9F9D-2CB131F8992C}.Debug|Any CPU.ActiveCfg = Debug|Any CPU
		{9D313B87-F63C-4FD0-9F9D-2CB131F8992C}.Debug|Any CPU.Build.0 = Debug|Any CPU
		{9D313B87-F63C-4FD0-9F9D-2CB131F8992C}.Release|Any CPU.ActiveCfg = Release|Any CPU
		{9D313B87-F63C-4FD0-9F9D-2CB131F8992C}.Release|Any CPU.Build.0 = Release|Any CPU
	EndGlobalSection
	GlobalSection(SolutionProperties) = preSolution
		HideSolutionNode = FALSE
	EndGlobalSection
	GlobalSection(ExtensibilityGlobals) = postSolution
		SolutionGuid = {194F6E8F-6078-4871-8C2D-95347A9FCB66}
	EndGlobalSection
EndGlobal
